
Microsoft Visual Studio Solution File, Format Version 12.00
# Visual Studio Version 17
VisualStudioVersion = 17.2.32602.215
MinimumVisualStudioVersion = 10.0.40219.1
Project("{8BC9CEB8-8B4A-11D0-8D11-00A0C91BC942}") = "Inline functions", "Inline functions\Inline functions.vcxproj", "{D2D91B45-C4A5-4605-A48A-B853E0117B2E}"
EndProject
Global
	GlobalSection(SolutionConfigurationPlatforms) = preSolution
		Debug|x64 = Debug|x64
		Debug|x86 = Debug|x86
		Release|x64 = Release|x64
		Release|x86 = Release|x86
	EndGlobalSection
	GlobalSection(ProjectConfigurationPlatforms) = postSolution
		{D2D91B45-C4A5-4605-A48A-B853E0117B2E}.Debug|x64.ActiveCfg = Debug|x64
		{D2D91B45-C4A5-4605-A48A-B853E0117B2E}.Debug|x64.Build.0 = Debug|x64
		{D2D91B45-C4A5-4605-A48A-B853E0117B2E}.Debug|x86.ActiveCfg = Debug|Win32
		{D2D91B45-C4A5-4605-A48A-B853E0117B2E}.Debug|x86.Build.0 = Debug|Win32
		{D2D91B45-C4A5-4605-A48A-B853E0117B2E}.Release|x64.ActiveCfg = Release|x64
		{D2D91B45-C4A5-4605-A48A-B853E0117B2E}.Release|x64.Build.0 = Release|x64
		{D2D91B45-C4A5-4605-A48A-B853E0117B2E}.Release|x86.ActiveCfg = Release|Win32
		{D2D91B45-C4A5-4605-A48A-B853E0117B2E}.Release|x86.Build.0 = Release|Win32
	EndGlobalSection
	GlobalSection(SolutionProperties) = preSolution
		HideSolutionNode = FALSE
	EndGlobalSection
	GlobalSection(ExtensibilityGlobals) = postSolution
		SolutionGuid = {6A8D4E1C-991C-4114-8D69-D56A50818429}
	EndGlobalSection
EndGlobal
