<?xml version="1.0" encoding="utf-8"?>
<Project ToolsVersion="4.0" xmlns="http://schemas.microsoft.com/developer/msbuild/2003">
  <ItemGroup>
    <Filter Include="Pliki źródłowe">
      <UniqueIdentifier>{4FC737F1-C7A5-4376-A066-2A32D752A2FF}</UniqueIdentifier>
      <Extensions>cpp;c;cc;cxx;c++;cppm;ixx;def;odl;idl;hpj;bat;asm;asmx</Extensions>
    </Filter>
    <Filter Include="Pliki nagłówkowe">
      <UniqueIdentifier>{93995380-89BD-4b04-88EB-625FBE52EBFB}</UniqueIdentifier>
      <Extensions>h;hh;hpp;hxx;h++;hm;inl;inc;ipp;xsd</Extensions>
    </Filter>
    <Filter Include="Pliki zasobów">
      <UniqueIdentifier>{67DA6AB6-F800-4c08-8B7A-83BB121AAD01}</UniqueIdentifier>
      <Extensions>rc;ico;cur;bmp;dlg;rc2;rct;bin;rgs;gif;jpg;jpeg;jpe;resx;tiff;tif;png;wav;mfcribbon-ms</Extensions>
    </Filter>
  </ItemGroup>
  <ItemGroup>
    <ClCompile Include="..\..\..\..\Desktop\Arrays\Arrays - pointer arithmetic and array indexing.cpp">
      <Filter>Pliki źródłowe</Filter>
    </ClCompile>
    <ClCompile Include="..\..\..\..\Desktop\Arrays\Arrays - pointers and arrays - decay.cpp">
      <Filter>Pliki źródłowe</Filter>
    </ClCompile>
    <ClCompile Include="..\..\..\..\Desktop\Arrays\Arrays and loops - std array version.cpp">
      <Filter>Pliki źródłowe</Filter>
    </ClCompile>
    <ClCompile Include="..\..\..\..\Desktop\Arrays\Arrays and loops - vector version.cpp">
      <Filter>Pliki źródłowe</Filter>
    </ClCompile>
    <ClCompile Include="..\..\..\..\Desktop\Arrays\Arrays and off by - one errors.cpp">
      <Filter>Pliki źródłowe</Filter>
    </ClCompile>
    <ClCompile Include="..\..\..\..\Desktop\Arrays\Arrays -c-style strings symbolic constants 1.cpp">
      <Filter>Pliki źródłowe</Filter>
    </ClCompile>
    <ClCompile Include="..\..\..\..\Desktop\Arrays\Arrays -c-style strings symbolic constants 2.cpp">
      <Filter>Pliki źródłowe</Filter>
    </ClCompile>
    <ClCompile Include="..\..\..\..\Desktop\Arrays\arrays, pointers, loops.cpp">
      <Filter>Pliki źródłowe</Filter>
    </ClCompile>
    <ClCompile Include="..\..\..\..\Desktop\Arrays\C-stryle string - strcpy overflow.cpp">
      <Filter>Pliki źródłowe</Filter>
    </ClCompile>
    <ClCompile Include="..\..\..\..\Desktop\Arrays\C-style strings - changing elements.cpp">
      <Filter>Pliki źródłowe</Filter>
    </ClCompile>
    <ClCompile Include="..\..\..\..\Desktop\Arrays\C-style strings - overwriting the NULL terminator .cpp">
      <Filter>Pliki źródłowe</Filter>
    </ClCompile>
    <ClCompile Include="..\..\..\..\Desktop\Arrays\C-style strings - std cin.cpp">
      <Filter>Pliki źródłowe</Filter>
    </ClCompile>
    <ClCompile Include="..\..\..\..\Desktop\Arrays\dynamic memory allocation.cpp">
      <Filter>Pliki źródłowe</Filter>
    </ClCompile>
    <ClCompile Include="..\..\..\..\Desktop\Arrays\Dynamic table with pointers arithetic.cpp">
      <Filter>Pliki źródłowe</Filter>
    </ClCompile>
    <ClCompile Include="..\..\..\..\Desktop\Arrays\Dynamically allocating arrays.cpp">
      <Filter>Pliki źródłowe</Filter>
    </ClCompile>
    <ClCompile Include="..\..\..\..\Desktop\Arrays\for each loop 1.cpp">
      <Filter>Pliki źródłowe</Filter>
    </ClCompile>
    <ClCompile Include="..\..\..\..\Desktop\Arrays\multidimensional std array.cpp">
      <Filter>Pliki źródłowe</Filter>
    </ClCompile>
    <ClCompile Include="..\..\..\..\Desktop\Arrays\multidimensional std vector.cpp">
      <Filter>Pliki źródłowe</Filter>
    </ClCompile>
    <ClCompile Include="..\..\..\..\Desktop\Arrays\passing an array to functions.cpp">
      <Filter>Pliki źródłowe</Filter>
    </ClCompile>
    <ClCompile Include="..\..\..\..\Desktop\Arrays\Pointers to pointers - dynamic allocating a array of pointers.cpp">
      <Filter>Pliki źródłowe</Filter>
    </ClCompile>
    <ClCompile Include="..\..\..\..\Desktop\Arrays\Pointers to pointers and dynamic multidimensional arrays - 1.cpp">
      <Filter>Pliki źródłowe</Filter>
    </ClCompile>
    <ClCompile Include="..\..\..\..\Desktop\Arrays\std sort.cpp">
      <Filter>Pliki źródłowe</Filter>
    </ClCompile>
    <ClCompile Include="..\..\..\..\Desktop\Arrays\std string view changes in the viewed string.cpp">
      <Filter>Pliki źródłowe</Filter>
    </ClCompile>
    <ClCompile Include="..\..\..\..\Desktop\Arrays\std string view length and substr.cpp">
      <Filter>Pliki źródłowe</Filter>
    </ClCompile>
    <ClCompile Include="..\..\..\..\Desktop\Arrays\void pointers 1.cpp">
      <Filter>Pliki źródłowe</Filter>
    </ClCompile>
  </ItemGroup>
</Project>