
Microsoft Visual Studio Solution File, Format Version 12.00
# Visual Studio Version 17
VisualStudioVersion = 17.1.32421.90
MinimumVisualStudioVersion = 10.0.40219.1
Project("{8BC9CEB8-8B4A-11D0-8D11-00A0C91BC942}") = "Lvalue references", "Lvalue references.vcxproj", "{6F26E29A-D330-4D38-B835-42AD083EEA88}"
EndProject
Global
	GlobalSection(SolutionConfigurationPlatforms) = preSolution
		Debug|x64 = Debug|x64
		Debug|x86 = Debug|x86
		Release|x64 = Release|x64
		Release|x86 = Release|x86
	EndGlobalSection
	GlobalSection(ProjectConfigurationPlatforms) = postSolution
		{6F26E29A-D330-4D38-B835-42AD083EEA88}.Debug|x64.ActiveCfg = Debug|x64
		{6F26E29A-D330-4D38-B835-42AD083EEA88}.Debug|x64.Build.0 = Debug|x64
		{6F26E29A-D330-4D38-B835-42AD083EEA88}.Debug|x86.ActiveCfg = Debug|Win32
		{6F26E29A-D330-4D38-B835-42AD083EEA88}.Debug|x86.Build.0 = Debug|Win32
		{6F26E29A-D330-4D38-B835-42AD083EEA88}.Release|x64.ActiveCfg = Release|x64
		{6F26E29A-D330-4D38-B835-42AD083EEA88}.Release|x64.Build.0 = Release|x64
		{6F26E29A-D330-4D38-B835-42AD083EEA88}.Release|x86.ActiveCfg = Release|Win32
		{6F26E29A-D330-4D38-B835-42AD083EEA88}.Release|x86.Build.0 = Release|Win32
	EndGlobalSection
	GlobalSection(SolutionProperties) = preSolution
		HideSolutionNode = FALSE
	EndGlobalSection
	GlobalSection(ExtensibilityGlobals) = postSolution
		SolutionGuid = {5C619146-3A47-422D-99DF-2D1143E1EEFE}
	EndGlobalSection
EndGlobal
